// !$*UTF8*$!
{
	archiveVersion = 1;
	classes = {
	};
	objectVersion = 46;
	objects = {

/* Begin PBXBuildFile section */
		4E45CA545FBDE808C04C6928 /* Pods_ClassesMagicFun.framework in Frameworks */ = {isa = PBXBuildFile; fileRef = E3C1B9077BB417B3F588997F /* Pods_ClassesMagicFun.framework */; };
		7DADE3701D3FEAC300792225 /* AppDelegate.swift in Sources */ = {isa = PBXBuildFile; fileRef = 7DADE36F1D3FEAC300792225 /* AppDelegate.swift */; };
		7DADE3721D3FEAC300792225 /* ViewController.swift in Sources */ = {isa = PBXBuildFile; fileRef = 7DADE3711D3FEAC300792225 /* ViewController.swift */; };
		7DADE3751D3FEAC300792225 /* Main.storyboard in Resources */ = {isa = PBXBuildFile; fileRef = 7DADE3731D3FEAC300792225 /* Main.storyboard */; };
		7DADE3771D3FEAC300792225 /* Assets.xcassets in Resources */ = {isa = PBXBuildFile; fileRef = 7DADE3761D3FEAC300792225 /* Assets.xcassets */; };
		7DADE37A1D3FEAC300792225 /* LaunchScreen.storyboard in Resources */ = {isa = PBXBuildFile; fileRef = 7DADE3781D3FEAC300792225 /* LaunchScreen.storyboard */; };
		9A941D9E1CF59405EABBD417 /* Pods_ClassesMagicFunTests.framework in Frameworks */ = {isa = PBXBuildFile; fileRef = C5480000448BF7A965D77BAE /* Pods_ClassesMagicFunTests.framework */; };
		B798E8FB1D4C576400578504 /* CardSpec.swift in Sources */ = {isa = PBXBuildFile; fileRef = B798E8FA1D4C576400578504 /* CardSpec.swift */; };
		B798E8FD1D4C59C400578504 /* Card.swift in Sources */ = {isa = PBXBuildFile; fileRef = B798E8FC1D4C59C400578504 /* Card.swift */; };
		B798E9051D4C704600578504 /* DeckSpec.swift in Sources */ = {isa = PBXBuildFile; fileRef = B798E9041D4C704600578504 /* DeckSpec.swift */; };
		B798E9071D4C711100578504 /* Deck.swift in Sources */ = {isa = PBXBuildFile; fileRef = B798E9061D4C711100578504 /* Deck.swift */; };
		B798E90B1D4C744700578504 /* Shuffle.swift in Sources */ = {isa = PBXBuildFile; fileRef = B798E90A1D4C744700578504 /* Shuffle.swift */; };
		B798E90D1D4C74E300578504 /* PlayerSpec.swift in Sources */ = {isa = PBXBuildFile; fileRef = B798E90C1D4C74E300578504 /* PlayerSpec.swift */; };
		B798E90F1D4C79C300578504 /* Player.swift in Sources */ = {isa = PBXBuildFile; fileRef = B798E90E1D4C79C300578504 /* Player.swift */; };
		B798E9111D4D404500578504 /* House.swift in Sources */ = {isa = PBXBuildFile; fileRef = B798E9101D4D404500578504 /* House.swift */; };
		B798E9131D4D406C00578504 /* HouseSpec.swift in Sources */ = {isa = PBXBuildFile; fileRef = B798E9121D4D406C00578504 /* HouseSpec.swift */; };
		B798E9151D4D442F00578504 /* DealerSpec.swift in Sources */ = {isa = PBXBuildFile; fileRef = B798E9141D4D442F00578504 /* DealerSpec.swift */; };
		B798E9171D4D452600578504 /* Dealer.swift in Sources */ = {isa = PBXBuildFile; fileRef = B798E9161D4D452600578504 /* Dealer.swift */; };
/* End PBXBuildFile section */

/* Begin PBXContainerItemProxy section */
		7DADE3811D3FEAC300792225 /* PBXContainerItemProxy */ = {
			isa = PBXContainerItemProxy;
			containerPortal = 7DADE3641D3FEAC300792225 /* Project object */;
			proxyType = 1;
			remoteGlobalIDString = 7DADE36B1D3FEAC300792225;
			remoteInfo = ClassesMagicFun;
		};
/* End PBXContainerItemProxy section */

/* Begin PBXFileReference section */
		0F2EA896849037104EE89D31 /* Pods-ClassesMagicFunTests.release.xcconfig */ = {isa = PBXFileReference; includeInIndex = 1; lastKnownFileType = text.xcconfig; name = "Pods-ClassesMagicFunTests.release.xcconfig"; path = "Pods/Target Support Files/Pods-ClassesMagicFunTests/Pods-ClassesMagicFunTests.release.xcconfig"; sourceTree = "<group>"; };
		3BF13A2B26B6A0CFCF6E74C5 /* Pods-ClassesMagicFunTests.debug.xcconfig */ = {isa = PBXFileReference; includeInIndex = 1; lastKnownFileType = text.xcconfig; name = "Pods-ClassesMagicFunTests.debug.xcconfig"; path = "Pods/Target Support Files/Pods-ClassesMagicFunTests/Pods-ClassesMagicFunTests.debug.xcconfig"; sourceTree = "<group>"; };
		46ADA164BEA26182D4183F41 /* Pods-ClassesMagicFun.release.xcconfig */ = {isa = PBXFileReference; includeInIndex = 1; lastKnownFileType = text.xcconfig; name = "Pods-ClassesMagicFun.release.xcconfig"; path = "Pods/Target Support Files/Pods-ClassesMagicFun/Pods-ClassesMagicFun.release.xcconfig"; sourceTree = "<group>"; };
		7DADE36C1D3FEAC300792225 /* ClassesMagicFun.app */ = {isa = PBXFileReference; explicitFileType = wrapper.application; includeInIndex = 0; path = ClassesMagicFun.app; sourceTree = BUILT_PRODUCTS_DIR; };
		7DADE36F1D3FEAC300792225 /* AppDelegate.swift */ = {isa = PBXFileReference; lastKnownFileType = sourcecode.swift; path = AppDelegate.swift; sourceTree = "<group>"; };
		7DADE3711D3FEAC300792225 /* ViewController.swift */ = {isa = PBXFileReference; lastKnownFileType = sourcecode.swift; path = ViewController.swift; sourceTree = "<group>"; };
		7DADE3741D3FEAC300792225 /* Base */ = {isa = PBXFileReference; lastKnownFileType = file.storyboard; name = Base; path = Base.lproj/Main.storyboard; sourceTree = "<group>"; };
		7DADE3761D3FEAC300792225 /* Assets.xcassets */ = {isa = PBXFileReference; lastKnownFileType = folder.assetcatalog; path = Assets.xcassets; sourceTree = "<group>"; };
		7DADE3791D3FEAC300792225 /* Base */ = {isa = PBXFileReference; lastKnownFileType = file.storyboard; name = Base; path = Base.lproj/LaunchScreen.storyboard; sourceTree = "<group>"; };
		7DADE37B1D3FEAC300792225 /* Info.plist */ = {isa = PBXFileReference; lastKnownFileType = text.plist.xml; path = Info.plist; sourceTree = "<group>"; };
		7DADE3801D3FEAC300792225 /* ClassesMagicFunTests.xctest */ = {isa = PBXFileReference; explicitFileType = wrapper.cfbundle; includeInIndex = 0; path = ClassesMagicFunTests.xctest; sourceTree = BUILT_PRODUCTS_DIR; };
		7DADE3861D3FEAC300792225 /* Info.plist */ = {isa = PBXFileReference; lastKnownFileType = text.plist.xml; path = Info.plist; sourceTree = "<group>"; };
		9670F7936EDBAABB1419F990 /* Pods-ClassesMagicFun.debug.xcconfig */ = {isa = PBXFileReference; includeInIndex = 1; lastKnownFileType = text.xcconfig; name = "Pods-ClassesMagicFun.debug.xcconfig"; path = "Pods/Target Support Files/Pods-ClassesMagicFun/Pods-ClassesMagicFun.debug.xcconfig"; sourceTree = "<group>"; };
		B798E8FA1D4C576400578504 /* CardSpec.swift */ = {isa = PBXFileReference; fileEncoding = 4; lastKnownFileType = sourcecode.swift; path = CardSpec.swift; sourceTree = "<group>"; };
		B798E8FC1D4C59C400578504 /* Card.swift */ = {isa = PBXFileReference; fileEncoding = 4; lastKnownFileType = sourcecode.swift; path = Card.swift; sourceTree = "<group>"; };
		B798E9041D4C704600578504 /* DeckSpec.swift */ = {isa = PBXFileReference; fileEncoding = 4; lastKnownFileType = sourcecode.swift; path = DeckSpec.swift; sourceTree = "<group>"; };
		B798E9061D4C711100578504 /* Deck.swift */ = {isa = PBXFileReference; fileEncoding = 4; lastKnownFileType = sourcecode.swift; path = Deck.swift; sourceTree = "<group>"; };
		B798E90A1D4C744700578504 /* Shuffle.swift */ = {isa = PBXFileReference; fileEncoding = 4; lastKnownFileType = sourcecode.swift; path = Shuffle.swift; sourceTree = "<group>"; };
		B798E90C1D4C74E300578504 /* PlayerSpec.swift */ = {isa = PBXFileReference; fileEncoding = 4; lastKnownFileType = sourcecode.swift; path = PlayerSpec.swift; sourceTree = "<group>"; };
		B798E90E1D4C79C300578504 /* Player.swift */ = {isa = PBXFileReference; fileEncoding = 4; lastKnownFileType = sourcecode.swift; path = Player.swift; sourceTree = "<group>"; };
		B798E9101D4D404500578504 /* House.swift */ = {isa = PBXFileReference; fileEncoding = 4; lastKnownFileType = sourcecode.swift; path = House.swift; sourceTree = "<group>"; };
		B798E9121D4D406C00578504 /* HouseSpec.swift */ = {isa = PBXFileReference; fileEncoding = 4; lastKnownFileType = sourcecode.swift; path = HouseSpec.swift; sourceTree = "<group>"; };
		B798E9141D4D442F00578504 /* DealerSpec.swift */ = {isa = PBXFileReference; fileEncoding = 4; lastKnownFileType = sourcecode.swift; path = DealerSpec.swift; sourceTree = "<group>"; };
		B798E9161D4D452600578504 /* Dealer.swift */ = {isa = PBXFileReference; fileEncoding = 4; lastKnownFileType = sourcecode.swift; path = Dealer.swift; sourceTree = "<group>"; };
		C5480000448BF7A965D77BAE /* Pods_ClassesMagicFunTests.framework */ = {isa = PBXFileReference; explicitFileType = wrapper.framework; includeInIndex = 0; path = Pods_ClassesMagicFunTests.framework; sourceTree = BUILT_PRODUCTS_DIR; };
		E3C1B9077BB417B3F588997F /* Pods_ClassesMagicFun.framework */ = {isa = PBXFileReference; explicitFileType = wrapper.framework; includeInIndex = 0; path = Pods_ClassesMagicFun.framework; sourceTree = BUILT_PRODUCTS_DIR; };
/* End PBXFileReference section */

/* Begin PBXFrameworksBuildPhase section */
		7DADE3691D3FEAC300792225 /* Frameworks */ = {
			isa = PBXFrameworksBuildPhase;
			buildActionMask = 2147483647;
			files = (
				4E45CA545FBDE808C04C6928 /* Pods_ClassesMagicFun.framework in Frameworks */,
			);
			runOnlyForDeploymentPostprocessing = 0;
		};
		7DADE37D1D3FEAC300792225 /* Frameworks */ = {
			isa = PBXFrameworksBuildPhase;
			buildActionMask = 2147483647;
			files = (
				9A941D9E1CF59405EABBD417 /* Pods_ClassesMagicFunTests.framework in Frameworks */,
			);
			runOnlyForDeploymentPostprocessing = 0;
		};
/* End PBXFrameworksBuildPhase section */

/* Begin PBXGroup section */
		3B9AD5965275149E10ACD102 /* Frameworks */ = {
			isa = PBXGroup;
			children = (
				E3C1B9077BB417B3F588997F /* Pods_ClassesMagicFun.framework */,
				C5480000448BF7A965D77BAE /* Pods_ClassesMagicFunTests.framework */,
			);
			name = Frameworks;
			sourceTree = "<group>";
		};
		7DADE3631D3FEAC300792225 = {
			isa = PBXGroup;
			children = (
				7DADE36E1D3FEAC300792225 /* ClassesMagicFun */,
				7DADE3831D3FEAC300792225 /* ClassesMagicFunTests */,
				7DADE36D1D3FEAC300792225 /* Products */,
				DB458CA92381089AD58606CF /* Pods */,
				3B9AD5965275149E10ACD102 /* Frameworks */,
			);
			sourceTree = "<group>";
		};
		7DADE36D1D3FEAC300792225 /* Products */ = {
			isa = PBXGroup;
			children = (
				7DADE36C1D3FEAC300792225 /* ClassesMagicFun.app */,
				7DADE3801D3FEAC300792225 /* ClassesMagicFunTests.xctest */,
			);
			name = Products;
			sourceTree = "<group>";
		};
		7DADE36E1D3FEAC300792225 /* ClassesMagicFun */ = {
			isa = PBXGroup;
			children = (
				7DADE36F1D3FEAC300792225 /* AppDelegate.swift */,
				7DADE3711D3FEAC300792225 /* ViewController.swift */,
				B798E8FC1D4C59C400578504 /* Card.swift */,
				B798E9161D4D452600578504 /* Dealer.swift */,
				B798E9061D4C711100578504 /* Deck.swift */,
				B798E9101D4D404500578504 /* House.swift */,
				B798E90E1D4C79C300578504 /* Player.swift */,
				B798E90A1D4C744700578504 /* Shuffle.swift */,
				7DADE3731D3FEAC300792225 /* Main.storyboard */,
				7DADE3761D3FEAC300792225 /* Assets.xcassets */,
				7DADE3781D3FEAC300792225 /* LaunchScreen.storyboard */,
				7DADE37B1D3FEAC300792225 /* Info.plist */,
			);
			path = ClassesMagicFun;
			sourceTree = "<group>";
		};
		7DADE3831D3FEAC300792225 /* ClassesMagicFunTests */ = {
			isa = PBXGroup;
			children = (
				7DADE3861D3FEAC300792225 /* Info.plist */,
				B798E8FA1D4C576400578504 /* CardSpec.swift */,
				B798E9141D4D442F00578504 /* DealerSpec.swift */,
				B798E9041D4C704600578504 /* DeckSpec.swift */,
				B798E9121D4D406C00578504 /* HouseSpec.swift */,
				B798E90C1D4C74E300578504 /* PlayerSpec.swift */,
			);
			path = ClassesMagicFunTests;
			sourceTree = "<group>";
		};
		DB458CA92381089AD58606CF /* Pods */ = {
			isa = PBXGroup;
			children = (
				9670F7936EDBAABB1419F990 /* Pods-ClassesMagicFun.debug.xcconfig */,
				46ADA164BEA26182D4183F41 /* Pods-ClassesMagicFun.release.xcconfig */,
				3BF13A2B26B6A0CFCF6E74C5 /* Pods-ClassesMagicFunTests.debug.xcconfig */,
				0F2EA896849037104EE89D31 /* Pods-ClassesMagicFunTests.release.xcconfig */,
			);
			name = Pods;
			sourceTree = "<group>";
		};
/* End PBXGroup section */

/* Begin PBXNativeTarget section */
		7DADE36B1D3FEAC300792225 /* ClassesMagicFun */ = {
			isa = PBXNativeTarget;
			buildConfigurationList = 7DADE3891D3FEAC300792225 /* Build configuration list for PBXNativeTarget "ClassesMagicFun" */;
			buildPhases = (
				67B8A6F32B2AEE4BF077533C /* [CP] Check Pods Manifest.lock */,
				7DADE3681D3FEAC300792225 /* Sources */,
				7DADE3691D3FEAC300792225 /* Frameworks */,
				7DADE36A1D3FEAC300792225 /* Resources */,
				A4E5A083668AA985B20D55CB /* [CP] Embed Pods Frameworks */,
				20BEBFFF48E211B4087D539C /* [CP] Copy Pods Resources */,
			);
			buildRules = (
			);
			dependencies = (
			);
			name = ClassesMagicFun;
			productName = ClassesMagicFun;
			productReference = 7DADE36C1D3FEAC300792225 /* ClassesMagicFun.app */;
			productType = "com.apple.product-type.application";
		};
		7DADE37F1D3FEAC300792225 /* ClassesMagicFunTests */ = {
			isa = PBXNativeTarget;
			buildConfigurationList = 7DADE38C1D3FEAC300792225 /* Build configuration list for PBXNativeTarget "ClassesMagicFunTests" */;
			buildPhases = (
				E2522B9FE659508E692CD59A /* [CP] Check Pods Manifest.lock */,
				7DADE37C1D3FEAC300792225 /* Sources */,
				7DADE37D1D3FEAC300792225 /* Frameworks */,
				7DADE37E1D3FEAC300792225 /* Resources */,
				534A05505F2053D4B5764A8F /* [CP] Embed Pods Frameworks */,
				B0BD3C5D00E784D1508C9112 /* [CP] Copy Pods Resources */,
			);
			buildRules = (
			);
			dependencies = (
				7DADE3821D3FEAC300792225 /* PBXTargetDependency */,
			);
			name = ClassesMagicFunTests;
			productName = ClassesMagicFunTests;
			productReference = 7DADE3801D3FEAC300792225 /* ClassesMagicFunTests.xctest */;
			productType = "com.apple.product-type.bundle.unit-test";
		};
/* End PBXNativeTarget section */

/* Begin PBXProject section */
		7DADE3641D3FEAC300792225 /* Project object */ = {
			isa = PBXProject;
			attributes = {
				LastSwiftUpdateCheck = 0730;
				LastUpgradeCheck = 0820;
				ORGANIZATIONNAME = "Gamesmith, LLC";
				TargetAttributes = {
					7DADE36B1D3FEAC300792225 = {
						CreatedOnToolsVersion = 7.3.1;
						LastSwiftMigration = 0820;
					};
					7DADE37F1D3FEAC300792225 = {
						CreatedOnToolsVersion = 7.3.1;
						LastSwiftMigration = 0820;
						TestTargetID = 7DADE36B1D3FEAC300792225;
					};
				};
			};
			buildConfigurationList = 7DADE3671D3FEAC300792225 /* Build configuration list for PBXProject "ClassesMagicFun" */;
			compatibilityVersion = "Xcode 3.2";
			developmentRegion = English;
			hasScannedForEncodings = 0;
			knownRegions = (
				en,
				Base,
			);
			mainGroup = 7DADE3631D3FEAC300792225;
			productRefGroup = 7DADE36D1D3FEAC300792225 /* Products */;
			projectDirPath = "";
			projectRoot = "";
			targets = (
				7DADE36B1D3FEAC300792225 /* ClassesMagicFun */,
				7DADE37F1D3FEAC300792225 /* ClassesMagicFunTests */,
			);
		};
/* End PBXProject section */

/* Begin PBXResourcesBuildPhase section */
		7DADE36A1D3FEAC300792225 /* Resources */ = {
			isa = PBXResourcesBuildPhase;
			buildActionMask = 2147483647;
			files = (
				7DADE37A1D3FEAC300792225 /* LaunchScreen.storyboard in Resources */,
				7DADE3771D3FEAC300792225 /* Assets.xcassets in Resources */,
				7DADE3751D3FEAC300792225 /* Main.storyboard in Resources */,
			);
			runOnlyForDeploymentPostprocessing = 0;
		};
		7DADE37E1D3FEAC300792225 /* Resources */ = {
			isa = PBXResourcesBuildPhase;
			buildActionMask = 2147483647;
			files = (
			);
			runOnlyForDeploymentPostprocessing = 0;
		};
/* End PBXResourcesBuildPhase section */

/* Begin PBXShellScriptBuildPhase section */
		20BEBFFF48E211B4087D539C /* [CP] Copy Pods Resources */ = {
			isa = PBXShellScriptBuildPhase;
			buildActionMask = 2147483647;
			files = (
			);
			inputPaths = (
			);
			name = "[CP] Copy Pods Resources";
			outputPaths = (
			);
			runOnlyForDeploymentPostprocessing = 0;
			shellPath = /bin/sh;
			shellScript = "\"${SRCROOT}/Pods/Target Support Files/Pods-ClassesMagicFun/Pods-ClassesMagicFun-resources.sh\"\n";
			showEnvVarsInLog = 0;
		};
		534A05505F2053D4B5764A8F /* [CP] Embed Pods Frameworks */ = {
			isa = PBXShellScriptBuildPhase;
			buildActionMask = 2147483647;
			files = (
			);
			inputPaths = (
			);
			name = "[CP] Embed Pods Frameworks";
			outputPaths = (
			);
			runOnlyForDeploymentPostprocessing = 0;
			shellPath = /bin/sh;
			shellScript = "\"${SRCROOT}/Pods/Target Support Files/Pods-ClassesMagicFunTests/Pods-ClassesMagicFunTests-frameworks.sh\"\n";
			showEnvVarsInLog = 0;
		};
		67B8A6F32B2AEE4BF077533C /* [CP] Check Pods Manifest.lock */ = {
			isa = PBXShellScriptBuildPhase;
			buildActionMask = 2147483647;
			files = (
			);
			inputPaths = (
			);
			name = "[CP] Check Pods Manifest.lock";
			outputPaths = (
			);
			runOnlyForDeploymentPostprocessing = 0;
			shellPath = /bin/sh;
			shellScript = "diff \"${PODS_ROOT}/../Podfile.lock\" \"${PODS_ROOT}/Manifest.lock\" > /dev/null\nif [ $? != 0 ] ; then\n    # print error to STDERR\n    echo \"error: The sandbox is not in sync with the Podfile.lock. Run 'pod install' or update your CocoaPods installation.\" >&2\n    exit 1\nfi\n";
			showEnvVarsInLog = 0;
		};
		A4E5A083668AA985B20D55CB /* [CP] Embed Pods Frameworks */ = {
			isa = PBXShellScriptBuildPhase;
			buildActionMask = 2147483647;
			files = (
			);
			inputPaths = (
			);
			name = "[CP] Embed Pods Frameworks";
			outputPaths = (
			);
			runOnlyForDeploymentPostprocessing = 0;
			shellPath = /bin/sh;
			shellScript = "\"${SRCROOT}/Pods/Target Support Files/Pods-ClassesMagicFun/Pods-ClassesMagicFun-frameworks.sh\"\n";
			showEnvVarsInLog = 0;
		};
		B0BD3C5D00E784D1508C9112 /* [CP] Copy Pods Resources */ = {
			isa = PBXShellScriptBuildPhase;
			buildActionMask = 2147483647;
			files = (
			);
			inputPaths = (
			);
			name = "[CP] Copy Pods Resources";
			outputPaths = (
			);
			runOnlyForDeploymentPostprocessing = 0;
			shellPath = /bin/sh;
			shellScript = "\"${SRCROOT}/Pods/Target Support Files/Pods-ClassesMagicFunTests/Pods-ClassesMagicFunTests-resources.sh\"\n";
			showEnvVarsInLog = 0;
		};
		E2522B9FE659508E692CD59A /* [CP] Check Pods Manifest.lock */ = {
			isa = PBXShellScriptBuildPhase;
			buildActionMask = 2147483647;
			files = (
			);
			inputPaths = (
			);
			name = "[CP] Check Pods Manifest.lock";
			outputPaths = (
			);
			runOnlyForDeploymentPostprocessing = 0;
			shellPath = /bin/sh;
			shellScript = "diff \"${PODS_ROOT}/../Podfile.lock\" \"${PODS_ROOT}/Manifest.lock\" > /dev/null\nif [ $? != 0 ] ; then\n    # print error to STDERR\n    echo \"error: The sandbox is not in sync with the Podfile.lock. Run 'pod install' or update your CocoaPods installation.\" >&2\n    exit 1\nfi\n";
			showEnvVarsInLog = 0;
		};
/* End PBXShellScriptBuildPhase section */

/* Begin PBXSourcesBuildPhase section */
		7DADE3681D3FEAC300792225 /* Sources */ = {
			isa = PBXSourcesBuildPhase;
			buildActionMask = 2147483647;
			files = (
				B798E9111D4D404500578504 /* House.swift in Sources */,
				B798E90B1D4C744700578504 /* Shuffle.swift in Sources */,
				B798E9071D4C711100578504 /* Deck.swift in Sources */,
				7DADE3721D3FEAC300792225 /* ViewController.swift in Sources */,
				B798E9171D4D452600578504 /* Dealer.swift in Sources */,
				B798E8FD1D4C59C400578504 /* Card.swift in Sources */,
				B798E90F1D4C79C300578504 /* Player.swift in Sources */,
				7DADE3701D3FEAC300792225 /* AppDelegate.swift in Sources */,
			);
			runOnlyForDeploymentPostprocessing = 0;
		};
		7DADE37C1D3FEAC300792225 /* Sources */ = {
			isa = PBXSourcesBuildPhase;
			buildActionMask = 2147483647;
			files = (
				B798E8FB1D4C576400578504 /* CardSpec.swift in Sources */,
				B798E9151D4D442F00578504 /* DealerSpec.swift in Sources */,
				B798E9131D4D406C00578504 /* HouseSpec.swift in Sources */,
				B798E9051D4C704600578504 /* DeckSpec.swift in Sources */,
				B798E90D1D4C74E300578504 /* PlayerSpec.swift in Sources */,
			);
			runOnlyForDeploymentPostprocessing = 0;
		};
/* End PBXSourcesBuildPhase section */

/* Begin PBXTargetDependency section */
		7DADE3821D3FEAC300792225 /* PBXTargetDependency */ = {
			isa = PBXTargetDependency;
			target = 7DADE36B1D3FEAC300792225 /* ClassesMagicFun */;
			targetProxy = 7DADE3811D3FEAC300792225 /* PBXContainerItemProxy */;
		};
/* End PBXTargetDependency section */

/* Begin PBXVariantGroup section */
		7DADE3731D3FEAC300792225 /* Main.storyboard */ = {
			isa = PBXVariantGroup;
			children = (
				7DADE3741D3FEAC300792225 /* Base */,
			);
			name = Main.storyboard;
			sourceTree = "<group>";
		};
		7DADE3781D3FEAC300792225 /* LaunchScreen.storyboard */ = {
			isa = PBXVariantGroup;
			children = (
				7DADE3791D3FEAC300792225 /* Base */,
			);
			name = LaunchScreen.storyboard;
			sourceTree = "<group>";
		};
/* End PBXVariantGroup section */

/* Begin XCBuildConfiguration section */
		7DADE3871D3FEAC300792225 /* Debug */ = {
			isa = XCBuildConfiguration;
			buildSettings = {
				ALWAYS_SEARCH_USER_PATHS = NO;
				CLANG_ANALYZER_NONNULL = YES;
				CLANG_CXX_LANGUAGE_STANDARD = "gnu++0x";
				CLANG_CXX_LIBRARY = "libc++";
				CLANG_ENABLE_MODULES = YES;
				CLANG_ENABLE_OBJC_ARC = YES;
				CLANG_WARN_BOOL_CONVERSION = YES;
				CLANG_WARN_CONSTANT_CONVERSION = YES;
				CLANG_WARN_DIRECT_OBJC_ISA_USAGE = YES_ERROR;
				CLANG_WARN_EMPTY_BODY = YES;
				CLANG_WARN_ENUM_CONVERSION = YES;
				CLANG_WARN_INFINITE_RECURSION = YES;
				CLANG_WARN_INT_CONVERSION = YES;
				CLANG_WARN_OBJC_ROOT_CLASS = YES_ERROR;
				CLANG_WARN_SUSPICIOUS_MOVE = YES;
				CLANG_WARN_UNREACHABLE_CODE = YES;
				CLANG_WARN__DUPLICATE_METHOD_MATCH = YES;
				"CODE_SIGN_IDENTITY[sdk=iphoneos*]" = "iPhone Developer";
				COPY_PHASE_STRIP = NO;
				DEBUG_INFORMATION_FORMAT = dwarf;
				ENABLE_STRICT_OBJC_MSGSEND = YES;
				ENABLE_TESTABILITY = YES;
				GCC_C_LANGUAGE_STANDARD = gnu99;
				GCC_DYNAMIC_NO_PIC = NO;
				GCC_NO_COMMON_BLOCKS = YES;
				GCC_OPTIMIZATION_LEVEL = 0;
				GCC_PREPROCESSOR_DEFINITIONS = (
					"DEBUG=1",
					"$(inherited)",
				);
				GCC_WARN_64_TO_32_BIT_CONVERSION = YES;
				GCC_WARN_ABOUT_RETURN_TYPE = YES_ERROR;
				GCC_WARN_UNDECLARED_SELECTOR = YES;
				GCC_WARN_UNINITIALIZED_AUTOS = YES_AGGRESSIVE;
				GCC_WARN_UNUSED_FUNCTION = YES;
				GCC_WARN_UNUSED_VARIABLE = YES;
				IPHONEOS_DEPLOYMENT_TARGET = 10.2;
				MTL_ENABLE_DEBUG_INFO = YES;
				ONLY_ACTIVE_ARCH = YES;
				SDKROOT = iphoneos;
				SWIFT_OPTIMIZATION_LEVEL = "-Onone";
			};
			name = Debug;
		};
		7DADE3881D3FEAC300792225 /* Release */ = {
			isa = XCBuildConfiguration;
			buildSettings = {
				ALWAYS_SEARCH_USER_PATHS = NO;
				CLANG_ANALYZER_NONNULL = YES;
				CLANG_CXX_LANGUAGE_STANDARD = "gnu++0x";
				CLANG_CXX_LIBRARY = "libc++";
				CLANG_ENABLE_MODULES = YES;
				CLANG_ENABLE_OBJC_ARC = YES;
				CLANG_WARN_BOOL_CONVERSION = YES;
				CLANG_WARN_CONSTANT_CONVERSION = YES;
				CLANG_WARN_DIRECT_OBJC_ISA_USAGE = YES_ERROR;
				CLANG_WARN_EMPTY_BODY = YES;
				CLANG_WARN_ENUM_CONVERSION = YES;
				CLANG_WARN_INFINITE_RECURSION = YES;
				CLANG_WARN_INT_CONVERSION = YES;
				CLANG_WARN_OBJC_ROOT_CLASS = YES_ERROR;
				CLANG_WARN_SUSPICIOUS_MOVE = YES;
				CLANG_WARN_UNREACHABLE_CODE = YES;
				CLANG_WARN__DUPLICATE_METHOD_MATCH = YES;
				"CODE_SIGN_IDENTITY[sdk=iphoneos*]" = "iPhone Developer";
				COPY_PHASE_STRIP = NO;
				DEBUG_INFORMATION_FORMAT = "dwarf-with-dsym";
				ENABLE_NS_ASSERTIONS = NO;
				ENABLE_STRICT_OBJC_MSGSEND = YES;
				GCC_C_LANGUAGE_STANDARD = gnu99;
				GCC_NO_COMMON_BLOCKS = YES;
				GCC_WARN_64_TO_32_BIT_CONVERSION = YES;
				GCC_WARN_ABOUT_RETURN_TYPE = YES_ERROR;
				GCC_WARN_UNDECLARED_SELECTOR = YES;
				GCC_WARN_UNINITIALIZED_AUTOS = YES_AGGRESSIVE;
				GCC_WARN_UNUSED_FUNCTION = YES;
				GCC_WARN_UNUSED_VARIABLE = YES;
				IPHONEOS_DEPLOYMENT_TARGET = 10.2;
				MTL_ENABLE_DEBUG_INFO = NO;
				SDKROOT = iphoneos;
				SWIFT_OPTIMIZATION_LEVEL = "-Owholemodule";
				VALIDATE_PRODUCT = YES;
			};
			name = Release;
		};
		7DADE38A1D3FEAC300792225 /* Debug */ = {
			isa = XCBuildConfiguration;
			baseConfigurationReference = 9670F7936EDBAABB1419F990 /* Pods-ClassesMagicFun.debug.xcconfig */;
			buildSettings = {
				ASSETCATALOG_COMPILER_APPICON_NAME = AppIcon;
				INFOPLIST_FILE = ClassesMagicFun/Info.plist;
				LD_RUNPATH_SEARCH_PATHS = "$(inherited) @executable_path/Frameworks";
				PRODUCT_BUNDLE_IDENTIFIER = com.flatironschool.Swift.ClassesMagicFun;
				PRODUCT_NAME = "$(TARGET_NAME)";
				SWIFT_VERSION = 3.0;
			};
			name = Debug;
		};
		7DADE38B1D3FEAC300792225 /* Release */ = {
			isa = XCBuildConfiguration;
			baseConfigurationReference = 46ADA164BEA26182D4183F41 /* Pods-ClassesMagicFun.release.xcconfig */;
			buildSettings = {
				ASSETCATALOG_COMPILER_APPICON_NAME = AppIcon;
				INFOPLIST_FILE = ClassesMagicFun/Info.plist;
				LD_RUNPATH_SEARCH_PATHS = "$(inherited) @executable_path/Frameworks";
				PRODUCT_BUNDLE_IDENTIFIER = com.flatironschool.Swift.ClassesMagicFun;
				PRODUCT_NAME = "$(TARGET_NAME)";
				SWIFT_VERSION = 3.0;
			};
			name = Release;
		};
		7DADE38D1D3FEAC300792225 /* Debug */ = {
			isa = XCBuildConfiguration;
			baseConfigurationReference = 3BF13A2B26B6A0CFCF6E74C5 /* Pods-ClassesMagicFunTests.debug.xcconfig */;
			buildSettings = {
				ALWAYS_EMBED_SWIFT_STANDARD_LIBRARIES = YES;
				BUNDLE_LOADER = "$(TEST_HOST)";
				INFOPLIST_FILE = ClassesMagicFunTests/Info.plist;
				LD_RUNPATH_SEARCH_PATHS = "$(inherited) @executable_path/Frameworks @loader_path/Frameworks";
				PRODUCT_BUNDLE_IDENTIFIER = com.Gamesmith.Swift.ClassesMagicFunTests;
				PRODUCT_NAME = "$(TARGET_NAME)";
				SWIFT_VERSION = 3.0;
				TEST_HOST = "$(BUILT_PRODUCTS_DIR)/ClassesMagicFun.app/ClassesMagicFun";
			};
			name = Debug;
		};
		7DADE38E1D3FEAC300792225 /* Release */ = {
			isa = XCBuildConfiguration;
			baseConfigurationReference = 0F2EA896849037104EE89D31 /* Pods-ClassesMagicFunTests.release.xcconfig */;
			buildSettings = {
				ALWAYS_EMBED_SWIFT_STANDARD_LIBRARIES = YES;
				BUNDLE_LOADER = "$(TEST_HOST)";
				INFOPLIST_FILE = ClassesMagicFunTests/Info.plist;
				LD_RUNPATH_SEARCH_PATHS = "$(inherited) @executable_path/Frameworks @loader_path/Frameworks";
				PRODUCT_BUNDLE_IDENTIFIER = com.Gamesmith.Swift.ClassesMagicFunTests;
				PRODUCT_NAME = "$(TARGET_NAME)";
				SWIFT_VERSION = 3.0;
				TEST_HOST = "$(BUILT_PRODUCTS_DIR)/ClassesMagicFun.app/ClassesMagicFun";
			};
			name = Release;
		};
/* End XCBuildConfiguration section */

/* Begin XCConfigurationList section */
		7DADE3671D3FEAC300792225 /* Build configuration list for PBXProject "ClassesMagicFun" */ = {
			isa = XCConfigurationList;
			buildConfigurations = (
				7DADE3871D3FEAC300792225 /* Debug */,
				7DADE3881D3FEAC300792225 /* Release */,
			);
			defaultConfigurationIsVisible = 0;
			defaultConfigurationName = Release;
		};
		7DADE3891D3FEAC300792225 /* Build configuration list for PBXNativeTarget "ClassesMagicFun" */ = {
			isa = XCConfigurationList;
			buildConfigurations = (
				7DADE38A1D3FEAC300792225 /* Debug */,
				7DADE38B1D3FEAC300792225 /* Release */,
			);
			defaultConfigurationIsVisible = 0;
			defaultConfigurationName = Release;
		};
		7DADE38C1D3FEAC300792225 /* Build configuration list for PBXNativeTarget "ClassesMagicFunTests" */ = {
			isa = XCConfigurationList;
			buildConfigurations = (
				7DADE38D1D3FEAC300792225 /* Debug */,
				7DADE38E1D3FEAC300792225 /* Release */,
			);
			defaultConfigurationIsVisible = 0;
			defaultConfigurationName = Release;
		};
/* End XCConfigurationList section */
	};
	rootObject = 7DADE3641D3FEAC300792225 /* Project object */;
}
